
Microsoft Visual Studio Solution File, Format Version 12.00
# Visual Studio Version 16
VisualStudioVersion = 16.0.29905.134
MinimumVisualStudioVersion = 10.0.40219.1
Project("{FAE04EC0-301F-11D3-BF4B-00C04F79EFBC}") = "EncapsulamentoProperties", "EncapsulamentoProperties\EncapsulamentoProperties.csproj", "{D5706420-8A20-417A-A004-98CAC4608D46}"
EndProject
Global
	GlobalSection(SolutionConfigurationPlatforms) = preSolution
		Debug|Any CPU = Debug|Any CPU
		Release|Any CPU = Release|Any CPU
	EndGlobalSection
	GlobalSection(ProjectConfigurationPlatforms) = postSolution
		{D5706420-8A20-417A-A004-98CAC4608D46}.Debug|Any CPU.ActiveCfg = Debug|Any CPU
		{D5706420-8A20-417A-A004-98CAC4608D46}.Debug|Any CPU.Build.0 = Debug|Any CPU
		{D5706420-8A20-417A-A004-98CAC4608D46}.Release|Any CPU.ActiveCfg = Release|Any CPU
		{D5706420-8A20-417A-A004-98CAC4608D46}.Release|Any CPU.Build.0 = Release|Any CPU
	EndGlobalSection
	GlobalSection(SolutionProperties) = preSolution
		HideSolutionNode = FALSE
	EndGlobalSection
	GlobalSection(ExtensibilityGlobals) = postSolution
		SolutionGuid = {E10EDF1C-BAB0-408A-9E10-7AA387C1CBDF}
	EndGlobalSection
EndGlobal
